
Microsoft Visual Studio Solution File, Format Version 12.00
# Visual Studio Version 16
VisualStudioVersion = 16.0.30611.23
MinimumVisualStudioVersion = 10.0.40219.1
Project("{9A19103F-16F7-4668-BE54-9A1E7A4F7556}") = "AdapterPattern", "AdapterPattern\AdapterPattern.csproj", "{F9853A1D-AF73-4F80-A16A-CFD61D090F86}"
EndProject
Project("{9A19103F-16F7-4668-BE54-9A1E7A4F7556}") = "SingletonPattern", "SingletonPattern\SingletonPattern.csproj", "{0E56D636-4BD5-4240-B422-43BACD41B4E9}"
EndProject
Project("{FAE04EC0-301F-11D3-BF4B-00C04F79EFBC}") = "FactoryPattern", "FactoryPattern\FactoryPattern.csproj", "{756808E7-62FE-4F18-A69F-02249CACEEC5}"
EndProject
Global
	GlobalSection(SolutionConfigurationPlatforms) = preSolution
		Debug|Any CPU = Debug|Any CPU
		Release|Any CPU = Release|Any CPU
	EndGlobalSection
	GlobalSection(ProjectConfigurationPlatforms) = postSolution
		{F9853A1D-AF73-4F80-A16A-CFD61D090F86}.Debug|Any CPU.ActiveCfg = Debug|Any CPU
		{F9853A1D-AF73-4F80-A16A-CFD61D090F86}.Debug|Any CPU.Build.0 = Debug|Any CPU
		{F9853A1D-AF73-4F80-A16A-CFD61D090F86}.Release|Any CPU.ActiveCfg = Release|Any CPU
		{F9853A1D-AF73-4F80-A16A-CFD61D090F86}.Release|Any CPU.Build.0 = Release|Any CPU
		{0E56D636-4BD5-4240-B422-43BACD41B4E9}.Debug|Any CPU.ActiveCfg = Debug|Any CPU
		{0E56D636-4BD5-4240-B422-43BACD41B4E9}.Debug|Any CPU.Build.0 = Debug|Any CPU
		{0E56D636-4BD5-4240-B422-43BACD41B4E9}.Release|Any CPU.ActiveCfg = Release|Any CPU
		{0E56D636-4BD5-4240-B422-43BACD41B4E9}.Release|Any CPU.Build.0 = Release|Any CPU
		{756808E7-62FE-4F18-A69F-02249CACEEC5}.Debug|Any CPU.ActiveCfg = Debug|Any CPU
		{756808E7-62FE-4F18-A69F-02249CACEEC5}.Debug|Any CPU.Build.0 = Debug|Any CPU
		{756808E7-62FE-4F18-A69F-02249CACEEC5}.Release|Any CPU.ActiveCfg = Release|Any CPU
		{756808E7-62FE-4F18-A69F-02249CACEEC5}.Release|Any CPU.Build.0 = Release|Any CPU
	EndGlobalSection
	GlobalSection(SolutionProperties) = preSolution
		HideSolutionNode = FALSE
	EndGlobalSection
	GlobalSection(ExtensibilityGlobals) = postSolution
		SolutionGuid = {E47C3F2A-11E6-4107-986E-9E8FBBF72C37}
	EndGlobalSection
EndGlobal
